
Microsoft Visual Studio Solution File, Format Version 12.00
Project("{FAE04EC0-301F-11D3-BF4B-00C04F79EFBC}") = "Libexec.FetchReceiptProcessor", "Libexec.FetchReceiptProcessor.csproj", "{ED84D863-FAE8-45B8-AA44-2E330E78930F}"
EndProject
Global
	GlobalSection(SolutionConfigurationPlatforms) = preSolution
		Debug|Any CPU = Debug|Any CPU
		Release|Any CPU = Release|Any CPU
	EndGlobalSection
	GlobalSection(ProjectConfigurationPlatforms) = postSolution
		{ED84D863-FAE8-45B8-AA44-2E330E78930F}.Debug|Any CPU.ActiveCfg = Debug|Any CPU
		{ED84D863-FAE8-45B8-AA44-2E330E78930F}.Debug|Any CPU.Build.0 = Debug|Any CPU
		{ED84D863-FAE8-45B8-AA44-2E330E78930F}.Release|Any CPU.ActiveCfg = Release|Any CPU
		{ED84D863-FAE8-45B8-AA44-2E330E78930F}.Release|Any CPU.Build.0 = Release|Any CPU
	EndGlobalSection
EndGlobal
